
Microsoft Visual Studio Solution File, Format Version 12.00
# Visual Studio 2013
VisualStudioVersion = 12.0.30501.0
MinimumVisualStudioVersion = 10.0.40219.1
Project("{FAE04EC0-301F-11D3-BF4B-00C04F79EFBC}") = "NoteTaker", "NoteTaker\NoteTaker.csproj", "{2C52B5F1-BCCA-4573-8C5D-0D54261A5940}"
EndProject
Project("{FAE04EC0-301F-11D3-BF4B-00C04F79EFBC}") = "Minion", "..\..\..\..\..\..\Minion\Minion3\MinionLibrary\Minion.csproj", "{CF254321-9193-4378-A528-9D02C6DE1454}"
EndProject
Project("{FAE04EC0-301F-11D3-BF4B-00C04F79EFBC}") = "Minion3", "..\..\..\..\..\..\Minion\Minion3\Minion3\Minion3.csproj", "{88CC0D84-1FF9-42AF-BD0C-70357CB06056}"
EndProject
Global
	GlobalSection(TeamFoundationVersionControl) = preSolution
		SccNumberOfProjects = 4
		SccEnterpriseProvider = {4CA58AB2-18FA-4F8D-95D4-32DDF27D184C}
		SccTeamFoundationServer = https://servus.visualstudio.com/defaultcollection
		SccLocalPath0 = .
		SccProjectUniqueName1 = NoteTaker\\NoteTaker.csproj
		SccProjectName1 = NoteTaker
		SccLocalPath1 = NoteTaker
		SccProjectUniqueName2 = ..\\..\\..\\..\\..\\..\\Minion\\Minion3\\MinionLibrary\\Minion.csproj
		SccProjectName2 = ../../Minion/Minion3/MinionLibrary
		SccLocalPath2 = ..\\..\\..\\..\\..\\..\\Minion\\Minion3\\MinionLibrary
		SccProjectUniqueName3 = ..\\..\\..\\..\\..\\..\\Minion\\Minion3\\Minion3\\Minion3.csproj
		SccProjectName3 = ../../Minion/Minion3/Minion3
		SccLocalPath3 = ..\\..\\..\\..\\..\\..\\Minion\\Minion3\\Minion3
	EndGlobalSection
	GlobalSection(SolutionConfigurationPlatforms) = preSolution
		Beta|Any CPU = Beta|Any CPU
		Debug|Any CPU = Debug|Any CPU
		Release|Any CPU = Release|Any CPU
	EndGlobalSection
	GlobalSection(ProjectConfigurationPlatforms) = postSolution
		{2C52B5F1-BCCA-4573-8C5D-0D54261A5940}.Beta|Any CPU.ActiveCfg = Release|Any CPU
		{2C52B5F1-BCCA-4573-8C5D-0D54261A5940}.Beta|Any CPU.Build.0 = Release|Any CPU
		{2C52B5F1-BCCA-4573-8C5D-0D54261A5940}.Debug|Any CPU.ActiveCfg = Debug|Any CPU
		{2C52B5F1-BCCA-4573-8C5D-0D54261A5940}.Debug|Any CPU.Build.0 = Debug|Any CPU
		{2C52B5F1-BCCA-4573-8C5D-0D54261A5940}.Release|Any CPU.ActiveCfg = Release|Any CPU
		{2C52B5F1-BCCA-4573-8C5D-0D54261A5940}.Release|Any CPU.Build.0 = Release|Any CPU
		{CF254321-9193-4378-A528-9D02C6DE1454}.Beta|Any CPU.ActiveCfg = Beta|Any CPU
		{CF254321-9193-4378-A528-9D02C6DE1454}.Beta|Any CPU.Build.0 = Beta|Any CPU
		{CF254321-9193-4378-A528-9D02C6DE1454}.Debug|Any CPU.ActiveCfg = Debug|Any CPU
		{CF254321-9193-4378-A528-9D02C6DE1454}.Debug|Any CPU.Build.0 = Debug|Any CPU
		{CF254321-9193-4378-A528-9D02C6DE1454}.Release|Any CPU.ActiveCfg = Release|Any CPU
		{CF254321-9193-4378-A528-9D02C6DE1454}.Release|Any CPU.Build.0 = Release|Any CPU
		{88CC0D84-1FF9-42AF-BD0C-70357CB06056}.Beta|Any CPU.ActiveCfg = Release|Any CPU
		{88CC0D84-1FF9-42AF-BD0C-70357CB06056}.Beta|Any CPU.Build.0 = Release|Any CPU
		{88CC0D84-1FF9-42AF-BD0C-70357CB06056}.Debug|Any CPU.ActiveCfg = Debug|Any CPU
		{88CC0D84-1FF9-42AF-BD0C-70357CB06056}.Debug|Any CPU.Build.0 = Debug|Any CPU
		{88CC0D84-1FF9-42AF-BD0C-70357CB06056}.Release|Any CPU.ActiveCfg = Release|Any CPU
		{88CC0D84-1FF9-42AF-BD0C-70357CB06056}.Release|Any CPU.Build.0 = Release|Any CPU
	EndGlobalSection
	GlobalSection(SolutionProperties) = preSolution
		HideSolutionNode = FALSE
	EndGlobalSection
EndGlobal
